
Microsoft Visual Studio Solution File, Format Version 12.00
# Visual Studio Version 17
VisualStudioVersion = 17.0.32112.339
MinimumVisualStudioVersion = 10.0.40219.1
Project("{FAE04EC0-301F-11D3-BF4B-00C04F79EFBC}") = "JiraDemo", "JiraDemo.csproj", "{A0FC2037-505A-4B39-8E5D-96DE9E9F9591}"
EndProject
Global
	GlobalSection(SolutionConfigurationPlatforms) = preSolution
		Debug|Any CPU = Debug|Any CPU
		Release|Any CPU = Release|Any CPU
	EndGlobalSection
	GlobalSection(ProjectConfigurationPlatforms) = postSolution
		{A0FC2037-505A-4B39-8E5D-96DE9E9F9591}.Debug|Any CPU.ActiveCfg = Debug|Any CPU
		{A0FC2037-505A-4B39-8E5D-96DE9E9F9591}.Debug|Any CPU.Build.0 = Debug|Any CPU
		{A0FC2037-505A-4B39-8E5D-96DE9E9F9591}.Release|Any CPU.ActiveCfg = Release|Any CPU
		{A0FC2037-505A-4B39-8E5D-96DE9E9F9591}.Release|Any CPU.Build.0 = Release|Any CPU
	EndGlobalSection
	GlobalSection(SolutionProperties) = preSolution
		HideSolutionNode = FALSE
	EndGlobalSection
	GlobalSection(ExtensibilityGlobals) = postSolution
		SolutionGuid = {78BC20A6-F622-4892-9B10-D2AA9A3A6CCB}
	EndGlobalSection
EndGlobal
